
Microsoft Visual Studio Solution File, Format Version 12.00
# Visual Studio Version 16
VisualStudioVersion = 16.0.32602.291
MinimumVisualStudioVersion = 10.0.40219.1
Project("{9A19103F-16F7-4668-BE54-9A1E7A4F7556}") = "WebApplication3", "WebApplication3.csproj", "{3D28FEDC-F8C9-4235-8432-E457BE7ADA1C}"
EndProject
Global
	GlobalSection(SolutionConfigurationPlatforms) = preSolution
		Debug|Any CPU = Debug|Any CPU
		Release|Any CPU = Release|Any CPU
	EndGlobalSection
	GlobalSection(ProjectConfigurationPlatforms) = postSolution
		{3D28FEDC-F8C9-4235-8432-E457BE7ADA1C}.Debug|Any CPU.ActiveCfg = Debug|Any CPU
		{3D28FEDC-F8C9-4235-8432-E457BE7ADA1C}.Debug|Any CPU.Build.0 = Debug|Any CPU
		{3D28FEDC-F8C9-4235-8432-E457BE7ADA1C}.Release|Any CPU.ActiveCfg = Release|Any CPU
		{3D28FEDC-F8C9-4235-8432-E457BE7ADA1C}.Release|Any CPU.Build.0 = Release|Any CPU
	EndGlobalSection
	GlobalSection(SolutionProperties) = preSolution
		HideSolutionNode = FALSE
	EndGlobalSection
	GlobalSection(ExtensibilityGlobals) = postSolution
		SolutionGuid = {73A1ABF5-8EB2-4D66-9B7D-727085343E8E}
	EndGlobalSection
EndGlobal
